
Microsoft Visual Studio Solution File, Format Version 12.00
# Visual Studio Version 16
VisualStudioVersion = 16.0.31729.503
MinimumVisualStudioVersion = 10.0.40219.1
Project("{FAE04EC0-301F-11D3-BF4B-00C04F79EFBC}") = "Facade", "Facade\Facade.csproj", "{13F23E3F-A25E-4EEB-B913-E6FBFE519F62}"
EndProject
Global
	GlobalSection(SolutionConfigurationPlatforms) = preSolution
		Debug|Any CPU = Debug|Any CPU
		Release|Any CPU = Release|Any CPU
	EndGlobalSection
	GlobalSection(ProjectConfigurationPlatforms) = postSolution
		{13F23E3F-A25E-4EEB-B913-E6FBFE519F62}.Debug|Any CPU.ActiveCfg = Debug|Any CPU
		{13F23E3F-A25E-4EEB-B913-E6FBFE519F62}.Debug|Any CPU.Build.0 = Debug|Any CPU
		{13F23E3F-A25E-4EEB-B913-E6FBFE519F62}.Release|Any CPU.ActiveCfg = Release|Any CPU
		{13F23E3F-A25E-4EEB-B913-E6FBFE519F62}.Release|Any CPU.Build.0 = Release|Any CPU
	EndGlobalSection
	GlobalSection(SolutionProperties) = preSolution
		HideSolutionNode = FALSE
	EndGlobalSection
	GlobalSection(ExtensibilityGlobals) = postSolution
		SolutionGuid = {DE6E044E-2704-4333-9C58-43A34BAC6A39}
	EndGlobalSection
EndGlobal
